
Microsoft Visual Studio Solution File, Format Version 12.00
# Visual Studio Version 17
VisualStudioVersion = 17.11.35327.3
MinimumVisualStudioVersion = 10.0.40219.1
Project("{FAE04EC0-301F-11D3-BF4B-00C04F79EFBC}") = "Aurus", "Aurus\Aurus.csproj", "{28195642-2989-498C-ADD1-A4FF678C4110}"
EndProject
Global
	GlobalSection(SolutionConfigurationPlatforms) = preSolution
		Debug|Any CPU = Debug|Any CPU
		Debug|x64 = Debug|x64
		Release|Any CPU = Release|Any CPU
		Release|x64 = Release|x64
	EndGlobalSection
	GlobalSection(ProjectConfigurationPlatforms) = postSolution
		{28195642-2989-498C-ADD1-A4FF678C4110}.Debug|Any CPU.ActiveCfg = Debug|Any CPU
		{28195642-2989-498C-ADD1-A4FF678C4110}.Debug|Any CPU.Build.0 = Debug|Any CPU
		{28195642-2989-498C-ADD1-A4FF678C4110}.Debug|x64.ActiveCfg = Debug|x64
		{28195642-2989-498C-ADD1-A4FF678C4110}.Debug|x64.Build.0 = Debug|x64
		{28195642-2989-498C-ADD1-A4FF678C4110}.Release|Any CPU.ActiveCfg = Release|Any CPU
		{28195642-2989-498C-ADD1-A4FF678C4110}.Release|Any CPU.Build.0 = Release|Any CPU
		{28195642-2989-498C-ADD1-A4FF678C4110}.Release|x64.ActiveCfg = Release|x64
		{28195642-2989-498C-ADD1-A4FF678C4110}.Release|x64.Build.0 = Release|x64
	EndGlobalSection
	GlobalSection(SolutionProperties) = preSolution
		HideSolutionNode = FALSE
	EndGlobalSection
	GlobalSection(ExtensibilityGlobals) = postSolution
		SolutionGuid = {D4C9D7DA-2105-408D-82E2-F65F45EFAFF3}
	EndGlobalSection
EndGlobal
